
Microsoft Visual Studio Solution File, Format Version 12.00
# Visual Studio Version 16
VisualStudioVersion = 16.0.31105.61
MinimumVisualStudioVersion = 10.0.40219.1
Project("{9A19103F-16F7-4668-BE54-9A1E7A4F7556}") = "RequestHeaderCorrelationIdMiddleware", "RequestHeaderCorrelationIdMiddleware\RequestHeaderCorrelationIdMiddleware.csproj", "{0957FC11-120E-4362-97F3-062832B609B4}"
EndProject
Project("{2150E333-8FDC-42A3-9474-1A3956D46DE8}") = "Tests", "Tests", "{B6CB53E7-1628-4F0C-B42A-171CBF078589}"
EndProject
Project("{2150E333-8FDC-42A3-9474-1A3956D46DE8}") = "src", "src", "{DF3A44D5-ED52-4E72-8AEA-2942F2DCAC2E}"
EndProject
Project("{9A19103F-16F7-4668-BE54-9A1E7A4F7556}") = "RequestHeaderCorrelationIdTests", "CorrelationIdRequestHeaderTests\RequestHeaderCorrelationIdTests.csproj", "{A0621E2B-6480-4980-8386-25B9BD0F1CEE}"
EndProject
Global
	GlobalSection(SolutionConfigurationPlatforms) = preSolution
		Debug|Any CPU = Debug|Any CPU
		Release|Any CPU = Release|Any CPU
	EndGlobalSection
	GlobalSection(ProjectConfigurationPlatforms) = postSolution
		{0957FC11-120E-4362-97F3-062832B609B4}.Debug|Any CPU.ActiveCfg = Debug|Any CPU
		{0957FC11-120E-4362-97F3-062832B609B4}.Debug|Any CPU.Build.0 = Debug|Any CPU
		{0957FC11-120E-4362-97F3-062832B609B4}.Release|Any CPU.ActiveCfg = Release|Any CPU
		{0957FC11-120E-4362-97F3-062832B609B4}.Release|Any CPU.Build.0 = Release|Any CPU
		{A0621E2B-6480-4980-8386-25B9BD0F1CEE}.Debug|Any CPU.ActiveCfg = Debug|Any CPU
		{A0621E2B-6480-4980-8386-25B9BD0F1CEE}.Debug|Any CPU.Build.0 = Debug|Any CPU
		{A0621E2B-6480-4980-8386-25B9BD0F1CEE}.Release|Any CPU.ActiveCfg = Release|Any CPU
		{A0621E2B-6480-4980-8386-25B9BD0F1CEE}.Release|Any CPU.Build.0 = Release|Any CPU
	EndGlobalSection
	GlobalSection(SolutionProperties) = preSolution
		HideSolutionNode = FALSE
	EndGlobalSection
	GlobalSection(NestedProjects) = preSolution
		{0957FC11-120E-4362-97F3-062832B609B4} = {DF3A44D5-ED52-4E72-8AEA-2942F2DCAC2E}
		{A0621E2B-6480-4980-8386-25B9BD0F1CEE} = {B6CB53E7-1628-4F0C-B42A-171CBF078589}
	EndGlobalSection
	GlobalSection(ExtensibilityGlobals) = postSolution
		SolutionGuid = {DDDE0B33-ED09-413E-A520-F70FA031088E}
	EndGlobalSection
EndGlobal
